
Microsoft Visual Studio Solution File, Format Version 12.00
# Visual Studio Version 17
VisualStudioVersion = 17.11.35222.181
MinimumVisualStudioVersion = 10.0.40219.1
Project("{2150E333-8FDC-42A3-9474-1A3956D46DE8}") = "Task0", "Task0", "{8F31F3AE-94ED-4533-9699-1DD9414AA34F}"
EndProject
Project("{9A19103F-16F7-4668-BE54-9A1E7A4F7556}") = "Tyuiu.KiselevEA.Sprint1.Task0.V25.Test", "Tyuiu.KiselevEA.Sprint1.Task0.V25.Test\Tyuiu.KiselevEA.Sprint1.Task0.V25.Test.csproj", "{28685700-92BF-4467-BC4D-9638574B5027}"
EndProject
Project("{9A19103F-16F7-4668-BE54-9A1E7A4F7556}") = "Tyuiu.KiselevEA.Sprint1.Task0.V25.Lib", "Tyuiu.KiselevEA.Sprint1.Task0.V25.Lib\Tyuiu.KiselevEA.Sprint1.Task0.V25.Lib.csproj", "{DB407073-DDC0-4A4B-B8D1-0A954712BF7F}"
EndProject
Project("{9A19103F-16F7-4668-BE54-9A1E7A4F7556}") = "Tyuiu.KiselevEA.Sprint1.Task0.V25", "Tyuiu.KiselevEA.Sprint1.Task0.V25\Tyuiu.KiselevEA.Sprint1.Task0.V25.csproj", "{6A851D93-AE90-420A-8D19-999B4BFC2926}"
EndProject
Project("{2150E333-8FDC-42A3-9474-1A3956D46DE8}") = "Task1", "Task1", "{4560E7E8-5852-4CA2-A83D-3768866D3154}"
EndProject
Project("{9A19103F-16F7-4668-BE54-9A1E7A4F7556}") = "Tyuiu.KiselevEA.Sprint1.Task1.V23", "Tyuiu.KiselevEA.Sprint1.Task1.V23\Tyuiu.KiselevEA.Sprint1.Task1.V23.csproj", "{F2D7ABDA-2487-48EC-ADE3-80DF63F4FB89}"
EndProject
Project("{9A19103F-16F7-4668-BE54-9A1E7A4F7556}") = "Tyuiu.KiselevEA.Sprint1.Task1.V23.Lib", "Tyuiu.KiselevEA.Sprint1.Task1.V23.Lib\Tyuiu.KiselevEA.Sprint1.Task1.V23.Lib.csproj", "{41409C77-63B7-4F2A-9C5F-8559E33AD4F0}"
EndProject
Project("{9A19103F-16F7-4668-BE54-9A1E7A4F7556}") = "Tyuiu.KiselevEA.Sprint1.Task1.V23.Test", "Tyuiu.KiselevEA.Sprint1.Task1.V23.Test\Tyuiu.KiselevEA.Sprint1.Task1.V23.Test.csproj", "{27FFED31-5525-433F-9454-DE4F5C88FD0F}"
EndProject
Project("{2150E333-8FDC-42A3-9474-1A3956D46DE8}") = "Task2", "Task2", "{97C254A5-4E07-48DF-BE6E-E17D35CD97F0}"
EndProject
Project("{9A19103F-16F7-4668-BE54-9A1E7A4F7556}") = "Tyuiu.KiselevEA.Sprint1.Task2.V11.Lib", "Tyuiu.KiselevEA.Sprint1.Task2.V11.Lib\Tyuiu.KiselevEA.Sprint1.Task2.V11.Lib.csproj", "{2277836C-A1B7-4D4A-9CEE-44DFE0A95306}"
EndProject
Project("{9A19103F-16F7-4668-BE54-9A1E7A4F7556}") = "Tyuiu.KiselevEA.Sprint1.Task2.V11.Test", "Tyuiu.KiselevEA.Sprint1.Task2.V11.Test\Tyuiu.KiselevEA.Sprint1.Task2.V11.Test.csproj", "{78CA9A75-F914-4B32-9753-F83D5570A7BA}"
EndProject
Project("{9A19103F-16F7-4668-BE54-9A1E7A4F7556}") = "Tyuiu.KiselevEA.Sprint1.Task2.V11", "Tyuiu.KiselevEA.Sprint1.Task2.V11\Tyuiu.KiselevEA.Sprint1.Task2.V11.csproj", "{453031EF-7CD2-4EBD-8EBC-5049BEDC0101}"
EndProject
Project("{2150E333-8FDC-42A3-9474-1A3956D46DE8}") = "Task3", "Task3", "{07484145-EAA2-44F8-9BFC-69E0EE1DC2CD}"
EndProject
Project("{9A19103F-16F7-4668-BE54-9A1E7A4F7556}") = "Tyuiu.KiselevEA.Sprint1.Task3.V15", "Tyuiu.KiselevEA.Sprint1.Task3.V15\Tyuiu.KiselevEA.Sprint1.Task3.V15.csproj", "{F69BBB47-C8EB-4A91-80B5-7CD5676B2A86}"
EndProject
Project("{9A19103F-16F7-4668-BE54-9A1E7A4F7556}") = "Tyuiu.KiselevEA.Sprint1.Task3.V15.Test", "Tyuiu.KiselevEA.Sprint1.Task3.V15.Test\Tyuiu.KiselevEA.Sprint1.Task3.V15.Test.csproj", "{DD33EED7-F20A-4C38-9AD8-4C2759E1FF4C}"
EndProject
Project("{9A19103F-16F7-4668-BE54-9A1E7A4F7556}") = "Tyuiu.KiselevEA.Sprint1.Task3.V15.Lib", "Tyuiu.KiselevEA.Sprint1.Task3.V15.Lib\Tyuiu.KiselevEA.Sprint1.Task3.V15.Lib.csproj", "{E6BF12E7-4E3A-4595-AC5E-192183D71EFE}"
EndProject
Project("{2150E333-8FDC-42A3-9474-1A3956D46DE8}") = "Task4", "Task4", "{69270270-FD3F-4F86-BBE3-E257074B9D9F}"
EndProject
Project("{9A19103F-16F7-4668-BE54-9A1E7A4F7556}") = "Tyuiu.KiselevEA.Sprint1.Task4.V29.Test", "Tyuiu.KiselevEA.Sprint1.Task4.V29.Test\Tyuiu.KiselevEA.Sprint1.Task4.V29.Test.csproj", "{6ED110D0-3E6B-4DFB-AE2E-0AB8F7FDBD9B}"
EndProject
Project("{9A19103F-16F7-4668-BE54-9A1E7A4F7556}") = "Tyuiu.KiselevEA.Sprint1.Task4.V29.Lib", "Tyuiu.KiselevEA.Sprint1.Task4.V29.Lib\Tyuiu.KiselevEA.Sprint1.Task4.V29.Lib.csproj", "{BABF50B0-3309-4687-B517-8A50907C7D76}"
EndProject
Project("{9A19103F-16F7-4668-BE54-9A1E7A4F7556}") = "Tyuiu.KiselevEA.Sprint1.Task4.V29", "Tyuiu.KiselevEA.Sprint1.Task4.V29\Tyuiu.KiselevEA.Sprint1.Task4.V29.csproj", "{E8E1B73C-EFF6-4DC5-99D4-7A5EC51B9309}"
EndProject
Project("{2150E333-8FDC-42A3-9474-1A3956D46DE8}") = "Task5", "Task5", "{68CCE300-DAE1-47FC-8B6C-D2B63AAB19BB}"
EndProject
Project("{FAE04EC0-301F-11D3-BF4B-00C04F79EFBC}") = "Tyuiu.KiselevEA.Sprint1.Task5.V7", "Tyuiu.KiselevEA.Sprint1.Task5.V7\Tyuiu.KiselevEA.Sprint1.Task5.V7.csproj", "{E021EA9A-9393-4446-A350-A8BCDC661DD8}"
EndProject
Project("{FAE04EC0-301F-11D3-BF4B-00C04F79EFBC}") = "Tyuiu.KiselevEA.Sprint1.Task5.V7.Lib", "Tyuiu.KiselevEA.Sprint1.Task5.V7.Lib\Tyuiu.KiselevEA.Sprint1.Task5.V7.Lib.csproj", "{059EB53D-BF58-4C31-AD18-9FF267AA3CFF}"
EndProject
Project("{FAE04EC0-301F-11D3-BF4B-00C04F79EFBC}") = "Tyuiu.KiselevEA.Sprint1.Task5.V7.Test", "Tyuiu.KiselevEA.Sprint1.Task5.V7.Test\Tyuiu.KiselevEA.Sprint1.Task5.V7.Test.csproj", "{48F2A5D7-7EF3-4AB6-892F-53EA6FD2BF1F}"
EndProject
Global
	GlobalSection(SolutionConfigurationPlatforms) = preSolution
		Debug|Any CPU = Debug|Any CPU
		Release|Any CPU = Release|Any CPU
	EndGlobalSection
	GlobalSection(ProjectConfigurationPlatforms) = postSolution
		{28685700-92BF-4467-BC4D-9638574B5027}.Debug|Any CPU.ActiveCfg = Debug|Any CPU
		{28685700-92BF-4467-BC4D-9638574B5027}.Debug|Any CPU.Build.0 = Debug|Any CPU
		{28685700-92BF-4467-BC4D-9638574B5027}.Release|Any CPU.ActiveCfg = Release|Any CPU
		{28685700-92BF-4467-BC4D-9638574B5027}.Release|Any CPU.Build.0 = Release|Any CPU
		{DB407073-DDC0-4A4B-B8D1-0A954712BF7F}.Debug|Any CPU.ActiveCfg = Debug|Any CPU
		{DB407073-DDC0-4A4B-B8D1-0A954712BF7F}.Debug|Any CPU.Build.0 = Debug|Any CPU
		{DB407073-DDC0-4A4B-B8D1-0A954712BF7F}.Release|Any CPU.ActiveCfg = Release|Any CPU
		{DB407073-DDC0-4A4B-B8D1-0A954712BF7F}.Release|Any CPU.Build.0 = Release|Any CPU
		{6A851D93-AE90-420A-8D19-999B4BFC2926}.Debug|Any CPU.ActiveCfg = Debug|Any CPU
		{6A851D93-AE90-420A-8D19-999B4BFC2926}.Debug|Any CPU.Build.0 = Debug|Any CPU
		{6A851D93-AE90-420A-8D19-999B4BFC2926}.Release|Any CPU.ActiveCfg = Release|Any CPU
		{6A851D93-AE90-420A-8D19-999B4BFC2926}.Release|Any CPU.Build.0 = Release|Any CPU
		{F2D7ABDA-2487-48EC-ADE3-80DF63F4FB89}.Debug|Any CPU.ActiveCfg = Debug|Any CPU
		{F2D7ABDA-2487-48EC-ADE3-80DF63F4FB89}.Debug|Any CPU.Build.0 = Debug|Any CPU
		{F2D7ABDA-2487-48EC-ADE3-80DF63F4FB89}.Release|Any CPU.ActiveCfg = Release|Any CPU
		{F2D7ABDA-2487-48EC-ADE3-80DF63F4FB89}.Release|Any CPU.Build.0 = Release|Any CPU
		{41409C77-63B7-4F2A-9C5F-8559E33AD4F0}.Debug|Any CPU.ActiveCfg = Debug|Any CPU
		{41409C77-63B7-4F2A-9C5F-8559E33AD4F0}.Debug|Any CPU.Build.0 = Debug|Any CPU
		{41409C77-63B7-4F2A-9C5F-8559E33AD4F0}.Release|Any CPU.ActiveCfg = Release|Any CPU
		{41409C77-63B7-4F2A-9C5F-8559E33AD4F0}.Release|Any CPU.Build.0 = Release|Any CPU
		{27FFED31-5525-433F-9454-DE4F5C88FD0F}.Debug|Any CPU.ActiveCfg = Debug|Any CPU
		{27FFED31-5525-433F-9454-DE4F5C88FD0F}.Debug|Any CPU.Build.0 = Debug|Any CPU
		{27FFED31-5525-433F-9454-DE4F5C88FD0F}.Release|Any CPU.ActiveCfg = Release|Any CPU
		{27FFED31-5525-433F-9454-DE4F5C88FD0F}.Release|Any CPU.Build.0 = Release|Any CPU
		{2277836C-A1B7-4D4A-9CEE-44DFE0A95306}.Debug|Any CPU.ActiveCfg = Debug|Any CPU
		{2277836C-A1B7-4D4A-9CEE-44DFE0A95306}.Debug|Any CPU.Build.0 = Debug|Any CPU
		{2277836C-A1B7-4D4A-9CEE-44DFE0A95306}.Release|Any CPU.ActiveCfg = Release|Any CPU
		{2277836C-A1B7-4D4A-9CEE-44DFE0A95306}.Release|Any CPU.Build.0 = Release|Any CPU
		{78CA9A75-F914-4B32-9753-F83D5570A7BA}.Debug|Any CPU.ActiveCfg = Debug|Any CPU
		{78CA9A75-F914-4B32-9753-F83D5570A7BA}.Debug|Any CPU.Build.0 = Debug|Any CPU
		{78CA9A75-F914-4B32-9753-F83D5570A7BA}.Release|Any CPU.ActiveCfg = Release|Any CPU
		{78CA9A75-F914-4B32-9753-F83D5570A7BA}.Release|Any CPU.Build.0 = Release|Any CPU
		{453031EF-7CD2-4EBD-8EBC-5049BEDC0101}.Debug|Any CPU.ActiveCfg = Debug|Any CPU
		{453031EF-7CD2-4EBD-8EBC-5049BEDC0101}.Debug|Any CPU.Build.0 = Debug|Any CPU
		{453031EF-7CD2-4EBD-8EBC-5049BEDC0101}.Release|Any CPU.ActiveCfg = Release|Any CPU
		{453031EF-7CD2-4EBD-8EBC-5049BEDC0101}.Release|Any CPU.Build.0 = Release|Any CPU
		{F69BBB47-C8EB-4A91-80B5-7CD5676B2A86}.Debug|Any CPU.ActiveCfg = Debug|Any CPU
		{F69BBB47-C8EB-4A91-80B5-7CD5676B2A86}.Debug|Any CPU.Build.0 = Debug|Any CPU
		{F69BBB47-C8EB-4A91-80B5-7CD5676B2A86}.Release|Any CPU.ActiveCfg = Release|Any CPU
		{F69BBB47-C8EB-4A91-80B5-7CD5676B2A86}.Release|Any CPU.Build.0 = Release|Any CPU
		{DD33EED7-F20A-4C38-9AD8-4C2759E1FF4C}.Debug|Any CPU.ActiveCfg = Debug|Any CPU
		{DD33EED7-F20A-4C38-9AD8-4C2759E1FF4C}.Debug|Any CPU.Build.0 = Debug|Any CPU
		{DD33EED7-F20A-4C38-9AD8-4C2759E1FF4C}.Release|Any CPU.ActiveCfg = Release|Any CPU
		{DD33EED7-F20A-4C38-9AD8-4C2759E1FF4C}.Release|Any CPU.Build.0 = Release|Any CPU
		{E6BF12E7-4E3A-4595-AC5E-192183D71EFE}.Debug|Any CPU.ActiveCfg = Debug|Any CPU
		{E6BF12E7-4E3A-4595-AC5E-192183D71EFE}.Debug|Any CPU.Build.0 = Debug|Any CPU
		{E6BF12E7-4E3A-4595-AC5E-192183D71EFE}.Release|Any CPU.ActiveCfg = Release|Any CPU
		{E6BF12E7-4E3A-4595-AC5E-192183D71EFE}.Release|Any CPU.Build.0 = Release|Any CPU
		{6ED110D0-3E6B-4DFB-AE2E-0AB8F7FDBD9B}.Debug|Any CPU.ActiveCfg = Debug|Any CPU
		{6ED110D0-3E6B-4DFB-AE2E-0AB8F7FDBD9B}.Debug|Any CPU.Build.0 = Debug|Any CPU
		{6ED110D0-3E6B-4DFB-AE2E-0AB8F7FDBD9B}.Release|Any CPU.ActiveCfg = Release|Any CPU
		{6ED110D0-3E6B-4DFB-AE2E-0AB8F7FDBD9B}.Release|Any CPU.Build.0 = Release|Any CPU
		{BABF50B0-3309-4687-B517-8A50907C7D76}.Debug|Any CPU.ActiveCfg = Debug|Any CPU
		{BABF50B0-3309-4687-B517-8A50907C7D76}.Debug|Any CPU.Build.0 = Debug|Any CPU
		{BABF50B0-3309-4687-B517-8A50907C7D76}.Release|Any CPU.ActiveCfg = Release|Any CPU
		{BABF50B0-3309-4687-B517-8A50907C7D76}.Release|Any CPU.Build.0 = Release|Any CPU
		{E8E1B73C-EFF6-4DC5-99D4-7A5EC51B9309}.Debug|Any CPU.ActiveCfg = Debug|Any CPU
		{E8E1B73C-EFF6-4DC5-99D4-7A5EC51B9309}.Debug|Any CPU.Build.0 = Debug|Any CPU
		{E8E1B73C-EFF6-4DC5-99D4-7A5EC51B9309}.Release|Any CPU.ActiveCfg = Release|Any CPU
		{E8E1B73C-EFF6-4DC5-99D4-7A5EC51B9309}.Release|Any CPU.Build.0 = Release|Any CPU
		{E021EA9A-9393-4446-A350-A8BCDC661DD8}.Debug|Any CPU.ActiveCfg = Debug|Any CPU
		{E021EA9A-9393-4446-A350-A8BCDC661DD8}.Debug|Any CPU.Build.0 = Debug|Any CPU
		{E021EA9A-9393-4446-A350-A8BCDC661DD8}.Release|Any CPU.ActiveCfg = Release|Any CPU
		{E021EA9A-9393-4446-A350-A8BCDC661DD8}.Release|Any CPU.Build.0 = Release|Any CPU
		{059EB53D-BF58-4C31-AD18-9FF267AA3CFF}.Debug|Any CPU.ActiveCfg = Debug|Any CPU
		{059EB53D-BF58-4C31-AD18-9FF267AA3CFF}.Debug|Any CPU.Build.0 = Debug|Any CPU
		{059EB53D-BF58-4C31-AD18-9FF267AA3CFF}.Release|Any CPU.ActiveCfg = Release|Any CPU
		{059EB53D-BF58-4C31-AD18-9FF267AA3CFF}.Release|Any CPU.Build.0 = Release|Any CPU
		{48F2A5D7-7EF3-4AB6-892F-53EA6FD2BF1F}.Debug|Any CPU.ActiveCfg = Debug|Any CPU
		{48F2A5D7-7EF3-4AB6-892F-53EA6FD2BF1F}.Debug|Any CPU.Build.0 = Debug|Any CPU
		{48F2A5D7-7EF3-4AB6-892F-53EA6FD2BF1F}.Release|Any CPU.ActiveCfg = Release|Any CPU
		{48F2A5D7-7EF3-4AB6-892F-53EA6FD2BF1F}.Release|Any CPU.Build.0 = Release|Any CPU
	EndGlobalSection
	GlobalSection(SolutionProperties) = preSolution
		HideSolutionNode = FALSE
	EndGlobalSection
	GlobalSection(NestedProjects) = preSolution
		{28685700-92BF-4467-BC4D-9638574B5027} = {8F31F3AE-94ED-4533-9699-1DD9414AA34F}
		{DB407073-DDC0-4A4B-B8D1-0A954712BF7F} = {8F31F3AE-94ED-4533-9699-1DD9414AA34F}
		{6A851D93-AE90-420A-8D19-999B4BFC2926} = {8F31F3AE-94ED-4533-9699-1DD9414AA34F}
		{F2D7ABDA-2487-48EC-ADE3-80DF63F4FB89} = {4560E7E8-5852-4CA2-A83D-3768866D3154}
		{41409C77-63B7-4F2A-9C5F-8559E33AD4F0} = {4560E7E8-5852-4CA2-A83D-3768866D3154}
		{27FFED31-5525-433F-9454-DE4F5C88FD0F} = {4560E7E8-5852-4CA2-A83D-3768866D3154}
		{2277836C-A1B7-4D4A-9CEE-44DFE0A95306} = {97C254A5-4E07-48DF-BE6E-E17D35CD97F0}
		{78CA9A75-F914-4B32-9753-F83D5570A7BA} = {97C254A5-4E07-48DF-BE6E-E17D35CD97F0}
		{453031EF-7CD2-4EBD-8EBC-5049BEDC0101} = {97C254A5-4E07-48DF-BE6E-E17D35CD97F0}
		{F69BBB47-C8EB-4A91-80B5-7CD5676B2A86} = {07484145-EAA2-44F8-9BFC-69E0EE1DC2CD}
		{DD33EED7-F20A-4C38-9AD8-4C2759E1FF4C} = {07484145-EAA2-44F8-9BFC-69E0EE1DC2CD}
		{E6BF12E7-4E3A-4595-AC5E-192183D71EFE} = {07484145-EAA2-44F8-9BFC-69E0EE1DC2CD}
		{6ED110D0-3E6B-4DFB-AE2E-0AB8F7FDBD9B} = {69270270-FD3F-4F86-BBE3-E257074B9D9F}
		{BABF50B0-3309-4687-B517-8A50907C7D76} = {69270270-FD3F-4F86-BBE3-E257074B9D9F}
		{E8E1B73C-EFF6-4DC5-99D4-7A5EC51B9309} = {69270270-FD3F-4F86-BBE3-E257074B9D9F}
		{E021EA9A-9393-4446-A350-A8BCDC661DD8} = {68CCE300-DAE1-47FC-8B6C-D2B63AAB19BB}
		{059EB53D-BF58-4C31-AD18-9FF267AA3CFF} = {68CCE300-DAE1-47FC-8B6C-D2B63AAB19BB}
		{48F2A5D7-7EF3-4AB6-892F-53EA6FD2BF1F} = {68CCE300-DAE1-47FC-8B6C-D2B63AAB19BB}
	EndGlobalSection
	GlobalSection(ExtensibilityGlobals) = postSolution
		SolutionGuid = {0D37E901-0B5D-41A0-872E-D88B086A4AD6}
	EndGlobalSection
EndGlobal
